
Microsoft Visual Studio Solution File, Format Version 12.00
# Visual Studio Version 16
VisualStudioVersion = 16.0.31105.61
MinimumVisualStudioVersion = 10.0.40219.1
Project("{FAE04EC0-301F-11D3-BF4B-00C04F79EFBC}") = "Udemy.Dal", "Udemy.Dal\Udemy.Dal.csproj", "{D759C90D-FC31-4E62-99C4-04C65B4B58F6}"
EndProject
Project("{FAE04EC0-301F-11D3-BF4B-00C04F79EFBC}") = "Udemy.OgrenciTakip.Bll", "Udemy.OgrenciTakip.Bll\Udemy.OgrenciTakip.Bll.csproj", "{A1AB6446-3385-46F7-8639-0A71B3589574}"
EndProject
Project("{FAE04EC0-301F-11D3-BF4B-00C04F79EFBC}") = "Udemy.OgrenciTakip.UI.Win", "Udemy.OgrenciTakip.UI.Win\Udemy.OgrenciTakip.UI.Win.csproj", "{92739F0B-8507-4AF4-B8CC-2D54D927477C}"
EndProject
Project("{FAE04EC0-301F-11D3-BF4B-00C04F79EFBC}") = "Udemy.OgrenciTakip.Data", "Udemy.OgrenciTakip.Data\Udemy.OgrenciTakip.Data.csproj", "{68A0029B-80B2-4140-BEC5-6B6A94A69DD1}"
EndProject
Project("{FAE04EC0-301F-11D3-BF4B-00C04F79EFBC}") = "Udemy.OgrenciTakip.Model", "Udemy.OgrenciTakip.Model\Udemy.OgrenciTakip.Model.csproj", "{D4BFA9DF-EE10-4561-9C2F-93EBE7550CCD}"
EndProject
Project("{FAE04EC0-301F-11D3-BF4B-00C04F79EFBC}") = "Udemy.OgrenciTakip.Common", "Udemy.OgrenciTakip.Common\Udemy.OgrenciTakip.Common.csproj", "{01A52F7E-5850-4C98-9588-D9FE0DB37FDB}"
EndProject
Global
	GlobalSection(SolutionConfigurationPlatforms) = preSolution
		Debug|Any CPU = Debug|Any CPU
		Release|Any CPU = Release|Any CPU
	EndGlobalSection
	GlobalSection(ProjectConfigurationPlatforms) = postSolution
		{D759C90D-FC31-4E62-99C4-04C65B4B58F6}.Debug|Any CPU.ActiveCfg = Debug|Any CPU
		{D759C90D-FC31-4E62-99C4-04C65B4B58F6}.Debug|Any CPU.Build.0 = Debug|Any CPU
		{D759C90D-FC31-4E62-99C4-04C65B4B58F6}.Release|Any CPU.ActiveCfg = Release|Any CPU
		{D759C90D-FC31-4E62-99C4-04C65B4B58F6}.Release|Any CPU.Build.0 = Release|Any CPU
		{A1AB6446-3385-46F7-8639-0A71B3589574}.Debug|Any CPU.ActiveCfg = Debug|Any CPU
		{A1AB6446-3385-46F7-8639-0A71B3589574}.Debug|Any CPU.Build.0 = Debug|Any CPU
		{A1AB6446-3385-46F7-8639-0A71B3589574}.Release|Any CPU.ActiveCfg = Release|Any CPU
		{A1AB6446-3385-46F7-8639-0A71B3589574}.Release|Any CPU.Build.0 = Release|Any CPU
		{92739F0B-8507-4AF4-B8CC-2D54D927477C}.Debug|Any CPU.ActiveCfg = Debug|Any CPU
		{92739F0B-8507-4AF4-B8CC-2D54D927477C}.Debug|Any CPU.Build.0 = Debug|Any CPU
		{92739F0B-8507-4AF4-B8CC-2D54D927477C}.Release|Any CPU.ActiveCfg = Release|Any CPU
		{92739F0B-8507-4AF4-B8CC-2D54D927477C}.Release|Any CPU.Build.0 = Release|Any CPU
		{68A0029B-80B2-4140-BEC5-6B6A94A69DD1}.Debug|Any CPU.ActiveCfg = Debug|Any CPU
		{68A0029B-80B2-4140-BEC5-6B6A94A69DD1}.Debug|Any CPU.Build.0 = Debug|Any CPU
		{68A0029B-80B2-4140-BEC5-6B6A94A69DD1}.Release|Any CPU.ActiveCfg = Release|Any CPU
		{68A0029B-80B2-4140-BEC5-6B6A94A69DD1}.Release|Any CPU.Build.0 = Release|Any CPU
		{D4BFA9DF-EE10-4561-9C2F-93EBE7550CCD}.Debug|Any CPU.ActiveCfg = Debug|Any CPU
		{D4BFA9DF-EE10-4561-9C2F-93EBE7550CCD}.Debug|Any CPU.Build.0 = Debug|Any CPU
		{D4BFA9DF-EE10-4561-9C2F-93EBE7550CCD}.Release|Any CPU.ActiveCfg = Release|Any CPU
		{D4BFA9DF-EE10-4561-9C2F-93EBE7550CCD}.Release|Any CPU.Build.0 = Release|Any CPU
		{01A52F7E-5850-4C98-9588-D9FE0DB37FDB}.Debug|Any CPU.ActiveCfg = Debug|Any CPU
		{01A52F7E-5850-4C98-9588-D9FE0DB37FDB}.Debug|Any CPU.Build.0 = Debug|Any CPU
		{01A52F7E-5850-4C98-9588-D9FE0DB37FDB}.Release|Any CPU.ActiveCfg = Release|Any CPU
		{01A52F7E-5850-4C98-9588-D9FE0DB37FDB}.Release|Any CPU.Build.0 = Release|Any CPU
	EndGlobalSection
	GlobalSection(SolutionProperties) = preSolution
		HideSolutionNode = FALSE
	EndGlobalSection
	GlobalSection(ExtensibilityGlobals) = postSolution
		SolutionGuid = {17744B30-6B94-4559-9D24-E26A0857B921}
	EndGlobalSection
EndGlobal
